
Microsoft Visual Studio Solution File, Format Version 12.00
# Visual Studio 15
VisualStudioVersion = 15.0.28010.2026
MinimumVisualStudioVersion = 10.0.40219.1
Project("{FAE04EC0-301F-11D3-BF4B-00C04F79EFBC}") = "MegaChallengeWar_byMe", "MegaChallengeWar_byMe\MegaChallengeWar_byMe.csproj", "{98F39654-ECBD-46AD-A083-99FF6A4688F5}"
EndProject
Global
	GlobalSection(SolutionConfigurationPlatforms) = preSolution
		Debug|Any CPU = Debug|Any CPU
		Release|Any CPU = Release|Any CPU
	EndGlobalSection
	GlobalSection(ProjectConfigurationPlatforms) = postSolution
		{98F39654-ECBD-46AD-A083-99FF6A4688F5}.Debug|Any CPU.ActiveCfg = Debug|Any CPU
		{98F39654-ECBD-46AD-A083-99FF6A4688F5}.Debug|Any CPU.Build.0 = Debug|Any CPU
		{98F39654-ECBD-46AD-A083-99FF6A4688F5}.Release|Any CPU.ActiveCfg = Release|Any CPU
		{98F39654-ECBD-46AD-A083-99FF6A4688F5}.Release|Any CPU.Build.0 = Release|Any CPU
	EndGlobalSection
	GlobalSection(SolutionProperties) = preSolution
		HideSolutionNode = FALSE
	EndGlobalSection
	GlobalSection(ExtensibilityGlobals) = postSolution
		SolutionGuid = {47561634-3C3B-4F00-BD33-7D11DCBB6D72}
	EndGlobalSection
EndGlobal
